
Microsoft Visual Studio Solution File, Format Version 12.00
# Visual Studio 15
VisualStudioVersion = 15.0.27703.2035
MinimumVisualStudioVersion = 10.0.40219.1
Project("{9A19103F-16F7-4668-BE54-9A1E7A4F7556}") = "EmitMapper.Tests", "tests\EmitMapper.Tests\EmitMapper.Tests.csproj", "{3502DA11-E528-42E7-959A-363F9F076EE1}"
EndProject
Project("{9A19103F-16F7-4668-BE54-9A1E7A4F7556}") = "EmitMapper", "src\EmitMapper\EmitMapper.csproj", "{18E42FD0-A217-4655-A7F7-0288DADBFDFD}"
EndProject
Global
	GlobalSection(SolutionConfigurationPlatforms) = preSolution
		Debug|Any CPU = Debug|Any CPU
		Release|Any CPU = Release|Any CPU
	EndGlobalSection
	GlobalSection(ProjectConfigurationPlatforms) = postSolution
		{3502DA11-E528-42E7-959A-363F9F076EE1}.Debug|Any CPU.ActiveCfg = Debug|Any CPU
		{3502DA11-E528-42E7-959A-363F9F076EE1}.Debug|Any CPU.Build.0 = Debug|Any CPU
		{3502DA11-E528-42E7-959A-363F9F076EE1}.Release|Any CPU.ActiveCfg = Release|Any CPU
		{3502DA11-E528-42E7-959A-363F9F076EE1}.Release|Any CPU.Build.0 = Release|Any CPU
		{18E42FD0-A217-4655-A7F7-0288DADBFDFD}.Debug|Any CPU.ActiveCfg = Debug|Any CPU
		{18E42FD0-A217-4655-A7F7-0288DADBFDFD}.Debug|Any CPU.Build.0 = Debug|Any CPU
		{18E42FD0-A217-4655-A7F7-0288DADBFDFD}.Release|Any CPU.ActiveCfg = Release|Any CPU
		{18E42FD0-A217-4655-A7F7-0288DADBFDFD}.Release|Any CPU.Build.0 = Release|Any CPU
	EndGlobalSection
	GlobalSection(SolutionProperties) = preSolution
		HideSolutionNode = FALSE
	EndGlobalSection
	GlobalSection(ExtensibilityGlobals) = postSolution
		SolutionGuid = {9E29D1EC-634A-4D1B-98E6-2414385D1776}
	EndGlobalSection
	GlobalSection(SubversionScc) = preSolution
		Svn-Managed = True
		Manager = AnkhSVN - Subversion Support for Visual Studio
	EndGlobalSection
	GlobalSection(TestCaseManagementSettings) = postSolution
		CategoryFile = EmitMapper1.vsmdi
	EndGlobalSection
EndGlobal
